// !$*UTF8*$!
{
	archiveVersion = 1;
	classes = {
	};
	objectVersion = 56;
	objects = {

/* Begin PBXBuildFile section */
		0A127CBE2940332B00D74240 /* AQIData+Coordinates.swift in Sources */ = {isa = PBXBuildFile; fileRef = 0A127CBD2940332B00D74240 /* AQIData+Coordinates.swift */; };
		0A27E4D629C3FCD000576F7F /* MapScreenViewModel.swift in Sources */ = {isa = PBXBuildFile; fileRef = 0A27E4D529C3FCD000576F7F /* MapScreenViewModel.swift */; };
		0A3B048A291733A90026D3DF /* AireLibreApp.swift in Sources */ = {isa = PBXBuildFile; fileRef = 0A3B0489291733A90026D3DF /* AireLibreApp.swift */; };
		0A3B048C291733A90026D3DF /* RootScreen.swift in Sources */ = {isa = PBXBuildFile; fileRef = 0A3B048B291733A90026D3DF /* RootScreen.swift */; };
		0A3B048E291733AA0026D3DF /* Assets.xcassets in Resources */ = {isa = PBXBuildFile; fileRef = 0A3B048D291733AA0026D3DF /* Assets.xcassets */; };
		0A3B0492291733AA0026D3DF /* Preview Assets.xcassets in Resources */ = {isa = PBXBuildFile; fileRef = 0A3B0491291733AA0026D3DF /* Preview Assets.xcassets */; };
		0A3B049C291733AA0026D3DF /* AireLibreTests.swift in Sources */ = {isa = PBXBuildFile; fileRef = 0A3B049B291733AA0026D3DF /* AireLibreTests.swift */; };
		0A3B04A6291733AA0026D3DF /* AireLibreUITests.swift in Sources */ = {isa = PBXBuildFile; fileRef = 0A3B04A5291733AA0026D3DF /* AireLibreUITests.swift */; };
		0A3B04A8291733AA0026D3DF /* AireLibreUITestsLaunchTests.swift in Sources */ = {isa = PBXBuildFile; fileRef = 0A3B04A7291733AA0026D3DF /* AireLibreUITestsLaunchTests.swift */; };
		0A427F512944CE5100832C3A /* SensorInfo.swift in Sources */ = {isa = PBXBuildFile; fileRef = 0A427F502944CE5100832C3A /* SensorInfo.swift */; };
		0A6CCBAB2977835500751E5C /* AppViewModel.swift in Sources */ = {isa = PBXBuildFile; fileRef = 0A6CCBAA2977835500751E5C /* AppViewModel.swift */; };
		0A8FCDAA293EB3AF006022B9 /* AQILevel.swift in Sources */ = {isa = PBXBuildFile; fileRef = 0A8FCDA9293EB3AF006022B9 /* AQILevel.swift */; };
		0A8FCDAC293EB4A5006022B9 /* AQIAnnotationView.swift in Sources */ = {isa = PBXBuildFile; fileRef = 0A8FCDAB293EB4A5006022B9 /* AQIAnnotationView.swift */; };
		0AA203F02A004F2200E68C0D /* LocationViewModel.swift in Sources */ = {isa = PBXBuildFile; fileRef = 0AA203EF2A004F2200E68C0D /* LocationViewModel.swift */; };
		0AAFF68D29C9480A008694A9 /* ZoomControls.swift in Sources */ = {isa = PBXBuildFile; fileRef = 0AAFF68C29C9480A008694A9 /* ZoomControls.swift */; };
		0AB43DD629EB294800AB45CE /* PersistenceService.swift in Sources */ = {isa = PBXBuildFile; fileRef = 0AB43DD529EB294800AB45CE /* PersistenceService.swift */; };
		0AB43F9D2936DD38005299AC /* Task+AutoRetry.swift in Sources */ = {isa = PBXBuildFile; fileRef = 0AB43F9C2936DD38005299AC /* Task+AutoRetry.swift */; };
		0AB43FA02936EA66005299AC /* Samples.swift in Sources */ = {isa = PBXBuildFile; fileRef = 0AB43F9F2936EA66005299AC /* Samples.swift */; };
		0ABB8754292D969600F7644E /* AireLibreRepository.swift in Sources */ = {isa = PBXBuildFile; fileRef = 0ABB8753292D969600F7644E /* AireLibreRepository.swift */; };
		0ABB8757292D96B000F7644E /* NetworkService.swift in Sources */ = {isa = PBXBuildFile; fileRef = 0ABB8756292D96B000F7644E /* NetworkService.swift */; };
		0ABB8759292D97DA00F7644E /* NetworkServiceEndpoints.swift in Sources */ = {isa = PBXBuildFile; fileRef = 0ABB8758292D97DA00F7644E /* NetworkServiceEndpoints.swift */; };
		0ABB875B292D9A1000F7644E /* AppError.swift in Sources */ = {isa = PBXBuildFile; fileRef = 0ABB875A292D9A1000F7644E /* AppError.swift */; };
		0AC259CD29175D6E0047397E /* AQIData.swift in Sources */ = {isa = PBXBuildFile; fileRef = 0AC259CC29175D6E0047397E /* AQIData.swift */; };
		0AC259CF29175D760047397E /* Quality.swift in Sources */ = {isa = PBXBuildFile; fileRef = 0AC259CE29175D760047397E /* Quality.swift */; };
		0AC259D12917615B0047397E /* MeasurementData.swift in Sources */ = {isa = PBXBuildFile; fileRef = 0AC259D02917615B0047397E /* MeasurementData.swift */; };
		0AC2E45B2A033FEC002D2446 /* WidgetKit.framework in Frameworks */ = {isa = PBXBuildFile; fileRef = 0AC2E45A2A033FEC002D2446 /* WidgetKit.framework */; };
		0AC2E45D2A033FEC002D2446 /* SwiftUI.framework in Frameworks */ = {isa = PBXBuildFile; fileRef = 0AC2E45C2A033FEC002D2446 /* SwiftUI.framework */; };
		0AC2E4602A033FEC002D2446 /* AQIWidgetBundle.swift in Sources */ = {isa = PBXBuildFile; fileRef = 0AC2E45F2A033FEC002D2446 /* AQIWidgetBundle.swift */; };
		0AC2E4622A033FEC002D2446 /* AQIWidgetProvider.swift in Sources */ = {isa = PBXBuildFile; fileRef = 0AC2E4612A033FEC002D2446 /* AQIWidgetProvider.swift */; };
		0AC2E4642A033FED002D2446 /* Assets.xcassets in Resources */ = {isa = PBXBuildFile; fileRef = 0AC2E4632A033FED002D2446 /* Assets.xcassets */; };
		0AC2E4682A033FED002D2446 /* Aire Libre WidgetExtension.appex in Embed Foundation Extensions */ = {isa = PBXBuildFile; fileRef = 0AC2E4582A033FEC002D2446 /* Aire Libre WidgetExtension.appex */; settings = {ATTRIBUTES = (RemoveHeadersOnCopy, ); }; };
		0AC9FDAC297ACA8200DBA5E1 /* MapScreen.swift in Sources */ = {isa = PBXBuildFile; fileRef = 0AC9FDAB297ACA8200DBA5E1 /* MapScreen.swift */; };
		0AC9FDAE297ACB7600DBA5E1 /* ListScreen.swift in Sources */ = {isa = PBXBuildFile; fileRef = 0AC9FDAD297ACB7600DBA5E1 /* ListScreen.swift */; };
		0ACA1CBA2A034CB400C0E8C3 /* WidgetConfiguration.swift in Sources */ = {isa = PBXBuildFile; fileRef = 0ACA1CB92A034CB400C0E8C3 /* WidgetConfiguration.swift */; };
		0ACA1CBC2A034CC300C0E8C3 /* WidgetView.swift in Sources */ = {isa = PBXBuildFile; fileRef = 0ACA1CBB2A034CC300C0E8C3 /* WidgetView.swift */; };
		0AD65DC72A045B210045880F /* AQIGauge.swift in Sources */ = {isa = PBXBuildFile; fileRef = 0AE45B3229465B7B00A82228 /* AQIGauge.swift */; };
		0AD65DC82A045B2B0045880F /* AQILevel.swift in Sources */ = {isa = PBXBuildFile; fileRef = 0A8FCDA9293EB3AF006022B9 /* AQILevel.swift */; };
		0AD65DC92A045B5E0045880F /* Strings.strings in Resources */ = {isa = PBXBuildFile; fileRef = 0AEF37C2292EE6100086514C /* Strings.strings */; };
		0AD65DCA2A045B620045880F /* Localizables.swift in Sources */ = {isa = PBXBuildFile; fileRef = 0AEF37B9292EE4B90086514C /* Localizables.swift */; };
		0AD65DCB2A045B950045880F /* Color+Hex.swift in Sources */ = {isa = PBXBuildFile; fileRef = 0AE5C1EE293D59700084E68C /* Color+Hex.swift */; };
		0AE45B3329465B7B00A82228 /* AQIGauge.swift in Sources */ = {isa = PBXBuildFile; fileRef = 0AE45B3229465B7B00A82228 /* AQIGauge.swift */; };
		0AE5A2742A0498F600C968A5 /* AQIEntry.swift in Sources */ = {isa = PBXBuildFile; fileRef = 0AE5A2722A04977600C968A5 /* AQIEntry.swift */; };
		0AE5C1E9293D3F390084E68C /* Decodable+JSONFile.swift in Sources */ = {isa = PBXBuildFile; fileRef = 0AE5C1E8293D3F390084E68C /* Decodable+JSONFile.swift */; };
		0AE5C1EB293D3FD40084E68C /* JSONFileLoader.swift in Sources */ = {isa = PBXBuildFile; fileRef = 0AE5C1EA293D3FD40084E68C /* JSONFileLoader.swift */; };
		0AE5C1ED293D408A0084E68C /* sample1.json in Resources */ = {isa = PBXBuildFile; fileRef = 0AE5C1EC293D408A0084E68C /* sample1.json */; };
		0AE5C1EF293D59700084E68C /* Color+Hex.swift in Sources */ = {isa = PBXBuildFile; fileRef = 0AE5C1EE293D59700084E68C /* Color+Hex.swift */; };
		0AEF37BA292EE4B90086514C /* Localizables.swift in Sources */ = {isa = PBXBuildFile; fileRef = 0AEF37B9292EE4B90086514C /* Localizables.swift */; };
		0AEF37C0292EE6100086514C /* Strings.strings in Resources */ = {isa = PBXBuildFile; fileRef = 0AEF37C2292EE6100086514C /* Strings.strings */; };
		0AEF37C6292EEA260086514C /* ConnectionChecker.swift in Sources */ = {isa = PBXBuildFile; fileRef = 0AEF37C5292EEA260086514C /* ConnectionChecker.swift */; };
		0AEF37C8292EEE4E0086514C /* AppConstants.swift in Sources */ = {isa = PBXBuildFile; fileRef = 0AEF37C7292EEE4E0086514C /* AppConstants.swift */; };
		0AF6CF2B29F0ADAF00C725B7 /* NavigationPathStore.swift in Sources */ = {isa = PBXBuildFile; fileRef = 0AF6CF2A29F0ADAF00C725B7 /* NavigationPathStore.swift */; };
		0AF6CF2D29F18B4A00C725B7 /* MKCoordinateRegion+Codable.swift in Sources */ = {isa = PBXBuildFile; fileRef = 0AF6CF2C29F18B4A00C725B7 /* MKCoordinateRegion+Codable.swift */; };
		0AFA4EA929E3760000C6CEE9 /* FavoriteSensorStore.swift in Sources */ = {isa = PBXBuildFile; fileRef = 0AFA4EA829E3760000C6CEE9 /* FavoriteSensorStore.swift */; };
		0AFA4EAF29E376D400C6CEE9 /* Entities.xcdatamodeld in Sources */ = {isa = PBXBuildFile; fileRef = 0AFA4EAD29E376D400C6CEE9 /* Entities.xcdatamodeld */; };
		0AFC850B29CBD22B00D201E7 /* CustomColors.swift in Sources */ = {isa = PBXBuildFile; fileRef = 0AFC850A29CBD22B00D201E7 /* CustomColors.swift */; };
/* End PBXBuildFile section */

/* Begin PBXContainerItemProxy section */
		0A3B0498291733AA0026D3DF /* PBXContainerItemProxy */ = {
			isa = PBXContainerItemProxy;
			containerPortal = 0A3B047E291733A90026D3DF /* Project object */;
			proxyType = 1;
			remoteGlobalIDString = 0A3B0485291733A90026D3DF;
			remoteInfo = "Aire Libre";
		};
		0A3B04A2291733AA0026D3DF /* PBXContainerItemProxy */ = {
			isa = PBXContainerItemProxy;
			containerPortal = 0A3B047E291733A90026D3DF /* Project object */;
			proxyType = 1;
			remoteGlobalIDString = 0A3B0485291733A90026D3DF;
			remoteInfo = "Aire Libre";
		};
		0AC2E4662A033FED002D2446 /* PBXContainerItemProxy */ = {
			isa = PBXContainerItemProxy;
			containerPortal = 0A3B047E291733A90026D3DF /* Project object */;
			proxyType = 1;
			remoteGlobalIDString = 0AC2E4572A033FEC002D2446;
			remoteInfo = "Aire Libre WidgetExtension";
		};
/* End PBXContainerItemProxy section */

/* Begin PBXCopyFilesBuildPhase section */
		0AC2E46C2A033FED002D2446 /* Embed Foundation Extensions */ = {
			isa = PBXCopyFilesBuildPhase;
			buildActionMask = 2147483647;
			dstPath = "";
			dstSubfolderSpec = 13;
			files = (
				0AC2E4682A033FED002D2446 /* Aire Libre WidgetExtension.appex in Embed Foundation Extensions */,
			);
			name = "Embed Foundation Extensions";
			runOnlyForDeploymentPostprocessing = 0;
		};
/* End PBXCopyFilesBuildPhase section */

/* Begin PBXFileReference section */
		0A127CBD2940332B00D74240 /* AQIData+Coordinates.swift */ = {isa = PBXFileReference; lastKnownFileType = sourcecode.swift; path = "AQIData+Coordinates.swift"; sourceTree = "<group>"; };
		0A27E4D529C3FCD000576F7F /* MapScreenViewModel.swift */ = {isa = PBXFileReference; lastKnownFileType = sourcecode.swift; path = MapScreenViewModel.swift; sourceTree = "<group>"; };
		0A3B0486291733A90026D3DF /* Aire Libre.app */ = {isa = PBXFileReference; explicitFileType = wrapper.application; includeInIndex = 0; path = "Aire Libre.app"; sourceTree = BUILT_PRODUCTS_DIR; };
		0A3B0489291733A90026D3DF /* AireLibreApp.swift */ = {isa = PBXFileReference; lastKnownFileType = sourcecode.swift; path = AireLibreApp.swift; sourceTree = "<group>"; };
		0A3B048B291733A90026D3DF /* RootScreen.swift */ = {isa = PBXFileReference; lastKnownFileType = sourcecode.swift; path = RootScreen.swift; sourceTree = "<group>"; };
		0A3B048D291733AA0026D3DF /* Assets.xcassets */ = {isa = PBXFileReference; lastKnownFileType = folder.assetcatalog; path = Assets.xcassets; sourceTree = "<group>"; };
		0A3B048F291733AA0026D3DF /* AireLibre.entitlements */ = {isa = PBXFileReference; lastKnownFileType = text.plist.entitlements; path = AireLibre.entitlements; sourceTree = "<group>"; };
		0A3B0491291733AA0026D3DF /* Preview Assets.xcassets */ = {isa = PBXFileReference; lastKnownFileType = folder.assetcatalog; path = "Preview Assets.xcassets"; sourceTree = "<group>"; };
		0A3B0497291733AA0026D3DF /* Aire LibreTests.xctest */ = {isa = PBXFileReference; explicitFileType = wrapper.cfbundle; includeInIndex = 0; path = "Aire LibreTests.xctest"; sourceTree = BUILT_PRODUCTS_DIR; };
		0A3B049B291733AA0026D3DF /* AireLibreTests.swift */ = {isa = PBXFileReference; lastKnownFileType = sourcecode.swift; path = AireLibreTests.swift; sourceTree = "<group>"; };
		0A3B04A1291733AA0026D3DF /* Aire LibreUITests.xctest */ = {isa = PBXFileReference; explicitFileType = wrapper.cfbundle; includeInIndex = 0; path = "Aire LibreUITests.xctest"; sourceTree = BUILT_PRODUCTS_DIR; };
		0A3B04A5291733AA0026D3DF /* AireLibreUITests.swift */ = {isa = PBXFileReference; lastKnownFileType = sourcecode.swift; path = AireLibreUITests.swift; sourceTree = "<group>"; };
		0A3B04A7291733AA0026D3DF /* AireLibreUITestsLaunchTests.swift */ = {isa = PBXFileReference; lastKnownFileType = sourcecode.swift; path = AireLibreUITestsLaunchTests.swift; sourceTree = "<group>"; };
		0A427F502944CE5100832C3A /* SensorInfo.swift */ = {isa = PBXFileReference; lastKnownFileType = sourcecode.swift; path = SensorInfo.swift; sourceTree = "<group>"; };
		0A6CCBAA2977835500751E5C /* AppViewModel.swift */ = {isa = PBXFileReference; lastKnownFileType = sourcecode.swift; path = AppViewModel.swift; sourceTree = "<group>"; };
		0A7816DB29BE480F00C1CFB0 /* Aire-Libre-Info.plist */ = {isa = PBXFileReference; lastKnownFileType = text.plist; path = "Aire-Libre-Info.plist"; sourceTree = SOURCE_ROOT; };
		0A8FCDA9293EB3AF006022B9 /* AQILevel.swift */ = {isa = PBXFileReference; lastKnownFileType = sourcecode.swift; path = AQILevel.swift; sourceTree = "<group>"; };
		0A8FCDAB293EB4A5006022B9 /* AQIAnnotationView.swift */ = {isa = PBXFileReference; lastKnownFileType = sourcecode.swift; path = AQIAnnotationView.swift; sourceTree = "<group>"; };
		0AA203EF2A004F2200E68C0D /* LocationViewModel.swift */ = {isa = PBXFileReference; lastKnownFileType = sourcecode.swift; path = LocationViewModel.swift; sourceTree = "<group>"; };
		0AAFF68C29C9480A008694A9 /* ZoomControls.swift */ = {isa = PBXFileReference; lastKnownFileType = sourcecode.swift; path = ZoomControls.swift; sourceTree = "<group>"; };
		0AB43DD529EB294800AB45CE /* PersistenceService.swift */ = {isa = PBXFileReference; lastKnownFileType = sourcecode.swift; path = PersistenceService.swift; sourceTree = "<group>"; };
		0AB43F9C2936DD38005299AC /* Task+AutoRetry.swift */ = {isa = PBXFileReference; lastKnownFileType = sourcecode.swift; path = "Task+AutoRetry.swift"; sourceTree = "<group>"; };
		0AB43F9F2936EA66005299AC /* Samples.swift */ = {isa = PBXFileReference; lastKnownFileType = sourcecode.swift; path = Samples.swift; sourceTree = "<group>"; };
		0ABB8753292D969600F7644E /* AireLibreRepository.swift */ = {isa = PBXFileReference; lastKnownFileType = sourcecode.swift; path = AireLibreRepository.swift; sourceTree = "<group>"; };
		0ABB8756292D96B000F7644E /* NetworkService.swift */ = {isa = PBXFileReference; lastKnownFileType = sourcecode.swift; path = NetworkService.swift; sourceTree = "<group>"; };
		0ABB8758292D97DA00F7644E /* NetworkServiceEndpoints.swift */ = {isa = PBXFileReference; lastKnownFileType = sourcecode.swift; path = NetworkServiceEndpoints.swift; sourceTree = "<group>"; };
		0ABB875A292D9A1000F7644E /* AppError.swift */ = {isa = PBXFileReference; lastKnownFileType = sourcecode.swift; path = AppError.swift; sourceTree = "<group>"; };
		0AC259CC29175D6E0047397E /* AQIData.swift */ = {isa = PBXFileReference; lastKnownFileType = sourcecode.swift; path = AQIData.swift; sourceTree = "<group>"; };
		0AC259CE29175D760047397E /* Quality.swift */ = {isa = PBXFileReference; lastKnownFileType = sourcecode.swift; path = Quality.swift; sourceTree = "<group>"; };
		0AC259D02917615B0047397E /* MeasurementData.swift */ = {isa = PBXFileReference; lastKnownFileType = sourcecode.swift; path = MeasurementData.swift; sourceTree = "<group>"; };
		0AC2E4582A033FEC002D2446 /* Aire Libre WidgetExtension.appex */ = {isa = PBXFileReference; explicitFileType = "wrapper.app-extension"; includeInIndex = 0; path = "Aire Libre WidgetExtension.appex"; sourceTree = BUILT_PRODUCTS_DIR; };
		0AC2E45A2A033FEC002D2446 /* WidgetKit.framework */ = {isa = PBXFileReference; lastKnownFileType = wrapper.framework; name = WidgetKit.framework; path = System/Library/Frameworks/WidgetKit.framework; sourceTree = SDKROOT; };
		0AC2E45C2A033FEC002D2446 /* SwiftUI.framework */ = {isa = PBXFileReference; lastKnownFileType = wrapper.framework; name = SwiftUI.framework; path = System/Library/Frameworks/SwiftUI.framework; sourceTree = SDKROOT; };
		0AC2E45F2A033FEC002D2446 /* AQIWidgetBundle.swift */ = {isa = PBXFileReference; lastKnownFileType = sourcecode.swift; path = AQIWidgetBundle.swift; sourceTree = "<group>"; };
		0AC2E4612A033FEC002D2446 /* AQIWidgetProvider.swift */ = {isa = PBXFileReference; lastKnownFileType = sourcecode.swift; path = AQIWidgetProvider.swift; sourceTree = "<group>"; };
		0AC2E4632A033FED002D2446 /* Assets.xcassets */ = {isa = PBXFileReference; lastKnownFileType = folder.assetcatalog; path = Assets.xcassets; sourceTree = "<group>"; };
		0AC2E4652A033FED002D2446 /* Info.plist */ = {isa = PBXFileReference; lastKnownFileType = text.plist.xml; path = Info.plist; sourceTree = "<group>"; };
		0AC9FDAB297ACA8200DBA5E1 /* MapScreen.swift */ = {isa = PBXFileReference; lastKnownFileType = sourcecode.swift; path = MapScreen.swift; sourceTree = "<group>"; };
		0AC9FDAD297ACB7600DBA5E1 /* ListScreen.swift */ = {isa = PBXFileReference; lastKnownFileType = sourcecode.swift; path = ListScreen.swift; sourceTree = "<group>"; };
		0ACA1CB92A034CB400C0E8C3 /* WidgetConfiguration.swift */ = {isa = PBXFileReference; lastKnownFileType = sourcecode.swift; path = WidgetConfiguration.swift; sourceTree = "<group>"; };
		0ACA1CBB2A034CC300C0E8C3 /* WidgetView.swift */ = {isa = PBXFileReference; lastKnownFileType = sourcecode.swift; path = WidgetView.swift; sourceTree = "<group>"; };
		0AE45B3229465B7B00A82228 /* AQIGauge.swift */ = {isa = PBXFileReference; lastKnownFileType = sourcecode.swift; path = AQIGauge.swift; sourceTree = "<group>"; };
		0AE5A2722A04977600C968A5 /* AQIEntry.swift */ = {isa = PBXFileReference; lastKnownFileType = sourcecode.swift; path = AQIEntry.swift; sourceTree = "<group>"; };
		0AE5C1E8293D3F390084E68C /* Decodable+JSONFile.swift */ = {isa = PBXFileReference; lastKnownFileType = sourcecode.swift; path = "Decodable+JSONFile.swift"; sourceTree = "<group>"; };
		0AE5C1EA293D3FD40084E68C /* JSONFileLoader.swift */ = {isa = PBXFileReference; lastKnownFileType = sourcecode.swift; path = JSONFileLoader.swift; sourceTree = "<group>"; };
		0AE5C1EC293D408A0084E68C /* sample1.json */ = {isa = PBXFileReference; fileEncoding = 4; lastKnownFileType = text.json; path = sample1.json; sourceTree = "<group>"; };
		0AE5C1EE293D59700084E68C /* Color+Hex.swift */ = {isa = PBXFileReference; lastKnownFileType = sourcecode.swift; path = "Color+Hex.swift"; sourceTree = "<group>"; };
		0AEF37B9292EE4B90086514C /* Localizables.swift */ = {isa = PBXFileReference; lastKnownFileType = sourcecode.swift; path = Localizables.swift; sourceTree = "<group>"; };
		0AEF37C1292EE6100086514C /* en */ = {isa = PBXFileReference; lastKnownFileType = text.plist.strings; name = en; path = en.lproj/Strings.strings; sourceTree = "<group>"; };
		0AEF37C3292EE6150086514C /* es */ = {isa = PBXFileReference; lastKnownFileType = text.plist.strings; name = es; path = es.lproj/Strings.strings; sourceTree = "<group>"; };
		0AEF37C5292EEA260086514C /* ConnectionChecker.swift */ = {isa = PBXFileReference; lastKnownFileType = sourcecode.swift; path = ConnectionChecker.swift; sourceTree = "<group>"; };
		0AEF37C7292EEE4E0086514C /* AppConstants.swift */ = {isa = PBXFileReference; lastKnownFileType = sourcecode.swift; path = AppConstants.swift; sourceTree = "<group>"; };
		0AF6CF2A29F0ADAF00C725B7 /* NavigationPathStore.swift */ = {isa = PBXFileReference; lastKnownFileType = sourcecode.swift; path = NavigationPathStore.swift; sourceTree = "<group>"; };
		0AF6CF2C29F18B4A00C725B7 /* MKCoordinateRegion+Codable.swift */ = {isa = PBXFileReference; lastKnownFileType = sourcecode.swift; path = "MKCoordinateRegion+Codable.swift"; sourceTree = "<group>"; };
		0AFA4EA829E3760000C6CEE9 /* FavoriteSensorStore.swift */ = {isa = PBXFileReference; lastKnownFileType = sourcecode.swift; path = FavoriteSensorStore.swift; sourceTree = "<group>"; };
		0AFA4EAE29E376D400C6CEE9 /* Entities.xcdatamodel */ = {isa = PBXFileReference; lastKnownFileType = wrapper.xcdatamodel; path = Entities.xcdatamodel; sourceTree = "<group>"; };
		0AFC850A29CBD22B00D201E7 /* CustomColors.swift */ = {isa = PBXFileReference; lastKnownFileType = sourcecode.swift; path = CustomColors.swift; sourceTree = "<group>"; };
/* End PBXFileReference section */

/* Begin PBXFrameworksBuildPhase section */
		0A3B0483291733A90026D3DF /* Frameworks */ = {
			isa = PBXFrameworksBuildPhase;
			buildActionMask = 2147483647;
			files = (
			);
			runOnlyForDeploymentPostprocessing = 0;
		};
		0A3B0494291733AA0026D3DF /* Frameworks */ = {
			isa = PBXFrameworksBuildPhase;
			buildActionMask = 2147483647;
			files = (
			);
			runOnlyForDeploymentPostprocessing = 0;
		};
		0A3B049E291733AA0026D3DF /* Frameworks */ = {
			isa = PBXFrameworksBuildPhase;
			buildActionMask = 2147483647;
			files = (
			);
			runOnlyForDeploymentPostprocessing = 0;
		};
		0AC2E4552A033FEC002D2446 /* Frameworks */ = {
			isa = PBXFrameworksBuildPhase;
			buildActionMask = 2147483647;
			files = (
				0AC2E45D2A033FEC002D2446 /* SwiftUI.framework in Frameworks */,
				0AC2E45B2A033FEC002D2446 /* WidgetKit.framework in Frameworks */,
			);
			runOnlyForDeploymentPostprocessing = 0;
		};
/* End PBXFrameworksBuildPhase section */

/* Begin PBXGroup section */
		0A1C3F4829A81946003B3ED8 /* Screens */ = {
			isa = PBXGroup;
			children = (
				0A3B048B291733A90026D3DF /* RootScreen.swift */,
				0AC9FDAB297ACA8200DBA5E1 /* MapScreen.swift */,
				0AC9FDAD297ACB7600DBA5E1 /* ListScreen.swift */,
			);
			path = Screens;
			sourceTree = "<group>";
		};
		0A1C3F4929A8196C003B3ED8 /* View Models */ = {
			isa = PBXGroup;
			children = (
				0A6CCBAA2977835500751E5C /* AppViewModel.swift */,
				0A27E4D529C3FCD000576F7F /* MapScreenViewModel.swift */,
				0AA203EF2A004F2200E68C0D /* LocationViewModel.swift */,
			);
			path = "View Models";
			sourceTree = "<group>";
		};
		0A3B047D291733A90026D3DF = {
			isa = PBXGroup;
			children = (
				0A3B0490291733AA0026D3DF /* Preview Content */,
				0A3B0488291733A90026D3DF /* Aire Libre */,
				0A3B049A291733AA0026D3DF /* Aire LibreTests */,
				0A3B04A4291733AA0026D3DF /* Aire LibreUITests */,
				0AC2E45E2A033FEC002D2446 /* Aire Libre Widget */,
				0AC2E4592A033FEC002D2446 /* Frameworks */,
				0A3B0487291733A90026D3DF /* Products */,
			);
			sourceTree = "<group>";
		};
		0A3B0487291733A90026D3DF /* Products */ = {
			isa = PBXGroup;
			children = (
				0A3B0486291733A90026D3DF /* Aire Libre.app */,
				0A3B0497291733AA0026D3DF /* Aire LibreTests.xctest */,
				0A3B04A1291733AA0026D3DF /* Aire LibreUITests.xctest */,
				0AC2E4582A033FEC002D2446 /* Aire Libre WidgetExtension.appex */,
			);
			name = Products;
			sourceTree = "<group>";
		};
		0A3B0488291733A90026D3DF /* Aire Libre */ = {
			isa = PBXGroup;
			children = (
				0A7816DB29BE480F00C1CFB0 /* Aire-Libre-Info.plist */,
				0A3B0489291733A90026D3DF /* AireLibreApp.swift */,
				0ABB875A292D9A1000F7644E /* AppError.swift */,
				0A3B048D291733AA0026D3DF /* Assets.xcassets */,
				0A3B048F291733AA0026D3DF /* AireLibre.entitlements */,
				0AB43FA12936EE09005299AC /* Views */,
				0A1C3F4929A8196C003B3ED8 /* View Models */,
				0AC259CB29175CC20047397E /* Models */,
				0AEF37C4292EEA160086514C /* Utils */,
				0AB43F9B2936DD13005299AC /* Extensions */,
				0ABB8755292D969D00F7644E /* Services */,
				0ACA398B291B434D0022DDC9 /* Repositories */,
				0AFA4EA729E375F100C6CEE9 /* Stores */,
				0AEF37BF292EE5F00086514C /* Localization */,
				0AB43F9E2936EA5C005299AC /* Samples */,
			);
			path = "Aire Libre";
			sourceTree = "<group>";
		};
		0A3B0490291733AA0026D3DF /* Preview Content */ = {
			isa = PBXGroup;
			children = (
				0A3B0491291733AA0026D3DF /* Preview Assets.xcassets */,
			);
			path = "Preview Content";
			sourceTree = "<group>";
		};
		0A3B049A291733AA0026D3DF /* Aire LibreTests */ = {
			isa = PBXGroup;
			children = (
				0A3B049B291733AA0026D3DF /* AireLibreTests.swift */,
			);
			path = "Aire LibreTests";
			sourceTree = "<group>";
		};
		0A3B04A4291733AA0026D3DF /* Aire LibreUITests */ = {
			isa = PBXGroup;
			children = (
				0A3B04A5291733AA0026D3DF /* AireLibreUITests.swift */,
				0A3B04A7291733AA0026D3DF /* AireLibreUITestsLaunchTests.swift */,
			);
			path = "Aire LibreUITests";
			sourceTree = "<group>";
		};
		0AB43F9B2936DD13005299AC /* Extensions */ = {
			isa = PBXGroup;
			children = (
				0AB43F9C2936DD38005299AC /* Task+AutoRetry.swift */,
				0AE5C1E8293D3F390084E68C /* Decodable+JSONFile.swift */,
				0AE5C1EE293D59700084E68C /* Color+Hex.swift */,
				0A127CBD2940332B00D74240 /* AQIData+Coordinates.swift */,
				0AF6CF2C29F18B4A00C725B7 /* MKCoordinateRegion+Codable.swift */,
			);
			path = Extensions;
			sourceTree = "<group>";
		};
		0AB43F9E2936EA5C005299AC /* Samples */ = {
			isa = PBXGroup;
			children = (
				0AE5C1EC293D408A0084E68C /* sample1.json */,
				0AB43F9F2936EA66005299AC /* Samples.swift */,
			);
			path = Samples;
			sourceTree = "<group>";
		};
		0AB43FA12936EE09005299AC /* Views */ = {
			isa = PBXGroup;
			children = (
				0A1C3F4829A81946003B3ED8 /* Screens */,
				0A8FCDAB293EB4A5006022B9 /* AQIAnnotationView.swift */,
				0A427F502944CE5100832C3A /* SensorInfo.swift */,
				0AE45B3229465B7B00A82228 /* AQIGauge.swift */,
				0AAFF68C29C9480A008694A9 /* ZoomControls.swift */,
			);
			path = Views;
			sourceTree = "<group>";
		};
		0ABB8755292D969D00F7644E /* Services */ = {
			isa = PBXGroup;
			children = (
				0ABB8756292D96B000F7644E /* NetworkService.swift */,
				0ABB8758292D97DA00F7644E /* NetworkServiceEndpoints.swift */,
				0AB43DD529EB294800AB45CE /* PersistenceService.swift */,
			);
			path = Services;
			sourceTree = "<group>";
		};
		0AC259CB29175CC20047397E /* Models */ = {
			isa = PBXGroup;
			children = (
				0AC259CC29175D6E0047397E /* AQIData.swift */,
				0AC259CE29175D760047397E /* Quality.swift */,
				0AC259D02917615B0047397E /* MeasurementData.swift */,
				0A8FCDA9293EB3AF006022B9 /* AQILevel.swift */,
			);
			path = Models;
			sourceTree = "<group>";
		};
		0AC2E4592A033FEC002D2446 /* Frameworks */ = {
			isa = PBXGroup;
			children = (
				0AC2E45A2A033FEC002D2446 /* WidgetKit.framework */,
				0AC2E45C2A033FEC002D2446 /* SwiftUI.framework */,
			);
			name = Frameworks;
			sourceTree = "<group>";
		};
		0AC2E45E2A033FEC002D2446 /* Aire Libre Widget */ = {
			isa = PBXGroup;
			children = (
				0AC2E45F2A033FEC002D2446 /* AQIWidgetBundle.swift */,
				0AC2E4612A033FEC002D2446 /* AQIWidgetProvider.swift */,
				0ACA1CB92A034CB400C0E8C3 /* WidgetConfiguration.swift */,
				0ACA1CBB2A034CC300C0E8C3 /* WidgetView.swift */,
				0AE5A2722A04977600C968A5 /* AQIEntry.swift */,
				0AC2E4632A033FED002D2446 /* Assets.xcassets */,
				0AC2E4652A033FED002D2446 /* Info.plist */,
			);
			path = "Aire Libre Widget";
			sourceTree = "<group>";
		};
		0ACA398B291B434D0022DDC9 /* Repositories */ = {
			isa = PBXGroup;
			children = (
				0ABB8753292D969600F7644E /* AireLibreRepository.swift */,
			);
			path = Repositories;
			sourceTree = "<group>";
		};
		0AEF37BF292EE5F00086514C /* Localization */ = {
			isa = PBXGroup;
			children = (
				0AEF37C2292EE6100086514C /* Strings.strings */,
				0AEF37B9292EE4B90086514C /* Localizables.swift */,
			);
			path = Localization;
			sourceTree = "<group>";
		};
		0AEF37C4292EEA160086514C /* Utils */ = {
			isa = PBXGroup;
			children = (
				0AEF37C5292EEA260086514C /* ConnectionChecker.swift */,
				0AEF37C7292EEE4E0086514C /* AppConstants.swift */,
				0AE5C1EA293D3FD40084E68C /* JSONFileLoader.swift */,
				0AFC850A29CBD22B00D201E7 /* CustomColors.swift */,
			);
			path = Utils;
			sourceTree = "<group>";
		};
		0AFA4EA729E375F100C6CEE9 /* Stores */ = {
			isa = PBXGroup;
			children = (
				0AFA4EAD29E376D400C6CEE9 /* Entities.xcdatamodeld */,
				0AFA4EA829E3760000C6CEE9 /* FavoriteSensorStore.swift */,
				0AF6CF2A29F0ADAF00C725B7 /* NavigationPathStore.swift */,
			);
			path = Stores;
			sourceTree = "<group>";
		};
/* End PBXGroup section */

/* Begin PBXNativeTarget section */
		0A3B0485291733A90026D3DF /* Aire Libre */ = {
			isa = PBXNativeTarget;
			buildConfigurationList = 0A3B04AB291733AA0026D3DF /* Build configuration list for PBXNativeTarget "Aire Libre" */;
			buildPhases = (
				0A3B0482291733A90026D3DF /* Sources */,
				0A3B0483291733A90026D3DF /* Frameworks */,
				0A3B0484291733A90026D3DF /* Resources */,
				0AC2E46C2A033FED002D2446 /* Embed Foundation Extensions */,
			);
			buildRules = (
			);
			dependencies = (
				0AC2E4672A033FED002D2446 /* PBXTargetDependency */,
			);
			name = "Aire Libre";
			productName = "Aire Libre";
			productReference = 0A3B0486291733A90026D3DF /* Aire Libre.app */;
			productType = "com.apple.product-type.application";
		};
		0A3B0496291733AA0026D3DF /* Aire LibreTests */ = {
			isa = PBXNativeTarget;
			buildConfigurationList = 0A3B04AE291733AA0026D3DF /* Build configuration list for PBXNativeTarget "Aire LibreTests" */;
			buildPhases = (
				0A3B0493291733AA0026D3DF /* Sources */,
				0A3B0494291733AA0026D3DF /* Frameworks */,
				0A3B0495291733AA0026D3DF /* Resources */,
			);
			buildRules = (
			);
			dependencies = (
				0A3B0499291733AA0026D3DF /* PBXTargetDependency */,
			);
			name = "Aire LibreTests";
			productName = "Aire LibreTests";
			productReference = 0A3B0497291733AA0026D3DF /* Aire LibreTests.xctest */;
			productType = "com.apple.product-type.bundle.unit-test";
		};
		0A3B04A0291733AA0026D3DF /* Aire LibreUITests */ = {
			isa = PBXNativeTarget;
			buildConfigurationList = 0A3B04B1291733AA0026D3DF /* Build configuration list for PBXNativeTarget "Aire LibreUITests" */;
			buildPhases = (
				0A3B049D291733AA0026D3DF /* Sources */,
				0A3B049E291733AA0026D3DF /* Frameworks */,
				0A3B049F291733AA0026D3DF /* Resources */,
			);
			buildRules = (
			);
			dependencies = (
				0A3B04A3291733AA0026D3DF /* PBXTargetDependency */,
			);
			name = "Aire LibreUITests";
			productName = "Aire LibreUITests";
			productReference = 0A3B04A1291733AA0026D3DF /* Aire LibreUITests.xctest */;
			productType = "com.apple.product-type.bundle.ui-testing";
		};
		0AC2E4572A033FEC002D2446 /* Aire Libre WidgetExtension */ = {
			isa = PBXNativeTarget;
			buildConfigurationList = 0AC2E4692A033FED002D2446 /* Build configuration list for PBXNativeTarget "Aire Libre WidgetExtension" */;
			buildPhases = (
				0AC2E4542A033FEC002D2446 /* Sources */,
				0AC2E4552A033FEC002D2446 /* Frameworks */,
				0AC2E4562A033FEC002D2446 /* Resources */,
			);
			buildRules = (
			);
			dependencies = (
			);
			name = "Aire Libre WidgetExtension";
			productName = "Aire Libre WidgetExtension";
			productReference = 0AC2E4582A033FEC002D2446 /* Aire Libre WidgetExtension.appex */;
			productType = "com.apple.product-type.app-extension";
		};
/* End PBXNativeTarget section */

/* Begin PBXProject section */
		0A3B047E291733A90026D3DF /* Project object */ = {
			isa = PBXProject;
			attributes = {
				BuildIndependentTargetsInParallel = 1;
				LastSwiftUpdateCheck = 1430;
				LastUpgradeCheck = 1410;
				TargetAttributes = {
					0A3B0485291733A90026D3DF = {
						CreatedOnToolsVersion = 14.0.1;
					};
					0A3B0496291733AA0026D3DF = {
						CreatedOnToolsVersion = 14.0.1;
						TestTargetID = 0A3B0485291733A90026D3DF;
					};
					0A3B04A0291733AA0026D3DF = {
						CreatedOnToolsVersion = 14.0.1;
						TestTargetID = 0A3B0485291733A90026D3DF;
					};
					0AC2E4572A033FEC002D2446 = {
						CreatedOnToolsVersion = 14.3;
					};
				};
			};
			buildConfigurationList = 0A3B0481291733A90026D3DF /* Build configuration list for PBXProject "Aire Libre" */;
			compatibilityVersion = "Xcode 14.0";
			developmentRegion = en;
			hasScannedForEncodings = 0;
			knownRegions = (
				en,
				Base,
				es,
			);
			mainGroup = 0A3B047D291733A90026D3DF;
			productRefGroup = 0A3B0487291733A90026D3DF /* Products */;
			projectDirPath = "";
			projectRoot = "";
			targets = (
				0A3B0485291733A90026D3DF /* Aire Libre */,
				0A3B0496291733AA0026D3DF /* Aire LibreTests */,
				0A3B04A0291733AA0026D3DF /* Aire LibreUITests */,
				0AC2E4572A033FEC002D2446 /* Aire Libre WidgetExtension */,
			);
		};
/* End PBXProject section */

/* Begin PBXResourcesBuildPhase section */
		0A3B0484291733A90026D3DF /* Resources */ = {
			isa = PBXResourcesBuildPhase;
			buildActionMask = 2147483647;
			files = (
				0A3B0492291733AA0026D3DF /* Preview Assets.xcassets in Resources */,
				0A3B048E291733AA0026D3DF /* Assets.xcassets in Resources */,
				0AEF37C0292EE6100086514C /* Strings.strings in Resources */,
				0AE5C1ED293D408A0084E68C /* sample1.json in Resources */,
			);
			runOnlyForDeploymentPostprocessing = 0;
		};
		0A3B0495291733AA0026D3DF /* Resources */ = {
			isa = PBXResourcesBuildPhase;
			buildActionMask = 2147483647;
			files = (
			);
			runOnlyForDeploymentPostprocessing = 0;
		};
		0A3B049F291733AA0026D3DF /* Resources */ = {
			isa = PBXResourcesBuildPhase;
			buildActionMask = 2147483647;
			files = (
			);
			runOnlyForDeploymentPostprocessing = 0;
		};
		0AC2E4562A033FEC002D2446 /* Resources */ = {
			isa = PBXResourcesBuildPhase;
			buildActionMask = 2147483647;
			files = (
				0AC2E4642A033FED002D2446 /* Assets.xcassets in Resources */,
				0AD65DC92A045B5E0045880F /* Strings.strings in Resources */,
			);
			runOnlyForDeploymentPostprocessing = 0;
		};
/* End PBXResourcesBuildPhase section */

/* Begin PBXSourcesBuildPhase section */
		0A3B0482291733A90026D3DF /* Sources */ = {
			isa = PBXSourcesBuildPhase;
			buildActionMask = 2147483647;
			files = (
				0A127CBE2940332B00D74240 /* AQIData+Coordinates.swift in Sources */,
				0A3B048C291733A90026D3DF /* RootScreen.swift in Sources */,
				0A6CCBAB2977835500751E5C /* AppViewModel.swift in Sources */,
				0AB43FA02936EA66005299AC /* Samples.swift in Sources */,
				0A27E4D629C3FCD000576F7F /* MapScreenViewModel.swift in Sources */,
				0AFC850B29CBD22B00D201E7 /* CustomColors.swift in Sources */,
				0AC259CF29175D760047397E /* Quality.swift in Sources */,
				0AAFF68D29C9480A008694A9 /* ZoomControls.swift in Sources */,
				0A427F512944CE5100832C3A /* SensorInfo.swift in Sources */,
				0AFA4EAF29E376D400C6CEE9 /* Entities.xcdatamodeld in Sources */,
				0AF6CF2D29F18B4A00C725B7 /* MKCoordinateRegion+Codable.swift in Sources */,
				0AC9FDAC297ACA8200DBA5E1 /* MapScreen.swift in Sources */,
				0AE45B3329465B7B00A82228 /* AQIGauge.swift in Sources */,
				0A8FCDAC293EB4A5006022B9 /* AQIAnnotationView.swift in Sources */,
				0ABB875B292D9A1000F7644E /* AppError.swift in Sources */,
				0AEF37C6292EEA260086514C /* ConnectionChecker.swift in Sources */,
				0AC259D12917615B0047397E /* MeasurementData.swift in Sources */,
				0AB43F9D2936DD38005299AC /* Task+AutoRetry.swift in Sources */,
				0AEF37BA292EE4B90086514C /* Localizables.swift in Sources */,
				0ABB8759292D97DA00F7644E /* NetworkServiceEndpoints.swift in Sources */,
				0AE5C1EB293D3FD40084E68C /* JSONFileLoader.swift in Sources */,
				0AC9FDAE297ACB7600DBA5E1 /* ListScreen.swift in Sources */,
				0AEF37C8292EEE4E0086514C /* AppConstants.swift in Sources */,
				0ABB8754292D969600F7644E /* AireLibreRepository.swift in Sources */,
				0AE5C1E9293D3F390084E68C /* Decodable+JSONFile.swift in Sources */,
				0AA203F02A004F2200E68C0D /* LocationViewModel.swift in Sources */,
				0A3B048A291733A90026D3DF /* AireLibreApp.swift in Sources */,
				0A8FCDAA293EB3AF006022B9 /* AQILevel.swift in Sources */,
				0AFA4EA929E3760000C6CEE9 /* FavoriteSensorStore.swift in Sources */,
				0AB43DD629EB294800AB45CE /* PersistenceService.swift in Sources */,
				0AC259CD29175D6E0047397E /* AQIData.swift in Sources */,
				0ABB8757292D96B000F7644E /* NetworkService.swift in Sources */,
				0AF6CF2B29F0ADAF00C725B7 /* NavigationPathStore.swift in Sources */,
				0AE5C1EF293D59700084E68C /* Color+Hex.swift in Sources */,
			);
			runOnlyForDeploymentPostprocessing = 0;
		};
		0A3B0493291733AA0026D3DF /* Sources */ = {
			isa = PBXSourcesBuildPhase;
			buildActionMask = 2147483647;
			files = (
				0A3B049C291733AA0026D3DF /* AireLibreTests.swift in Sources */,
			);
			runOnlyForDeploymentPostprocessing = 0;
		};
		0A3B049D291733AA0026D3DF /* Sources */ = {
			isa = PBXSourcesBuildPhase;
			buildActionMask = 2147483647;
			files = (
				0A3B04A8291733AA0026D3DF /* AireLibreUITestsLaunchTests.swift in Sources */,
				0A3B04A6291733AA0026D3DF /* AireLibreUITests.swift in Sources */,
			);
			runOnlyForDeploymentPostprocessing = 0;
		};
		0AC2E4542A033FEC002D2446 /* Sources */ = {
			isa = PBXSourcesBuildPhase;
			buildActionMask = 2147483647;
			files = (
				0AC2E4602A033FEC002D2446 /* AQIWidgetBundle.swift in Sources */,
				0AD65DCB2A045B950045880F /* Color+Hex.swift in Sources */,
				0AE5A2742A0498F600C968A5 /* AQIEntry.swift in Sources */,
				0AD65DCA2A045B620045880F /* Localizables.swift in Sources */,
				0AD65DC72A045B210045880F /* AQIGauge.swift in Sources */,
				0ACA1CBA2A034CB400C0E8C3 /* WidgetConfiguration.swift in Sources */,
				0ACA1CBC2A034CC300C0E8C3 /* WidgetView.swift in Sources */,
				0AD65DC82A045B2B0045880F /* AQILevel.swift in Sources */,
				0AC2E4622A033FEC002D2446 /* AQIWidgetProvider.swift in Sources */,
			);
			runOnlyForDeploymentPostprocessing = 0;
		};
/* End PBXSourcesBuildPhase section */

/* Begin PBXTargetDependency section */
		0A3B0499291733AA0026D3DF /* PBXTargetDependency */ = {
			isa = PBXTargetDependency;
			target = 0A3B0485291733A90026D3DF /* Aire Libre */;
			targetProxy = 0A3B0498291733AA0026D3DF /* PBXContainerItemProxy */;
		};
		0A3B04A3291733AA0026D3DF /* PBXTargetDependency */ = {
			isa = PBXTargetDependency;
			target = 0A3B0485291733A90026D3DF /* Aire Libre */;
			targetProxy = 0A3B04A2291733AA0026D3DF /* PBXContainerItemProxy */;
		};
		0AC2E4672A033FED002D2446 /* PBXTargetDependency */ = {
			isa = PBXTargetDependency;
			target = 0AC2E4572A033FEC002D2446 /* Aire Libre WidgetExtension */;
			targetProxy = 0AC2E4662A033FED002D2446 /* PBXContainerItemProxy */;
		};
/* End PBXTargetDependency section */

/* Begin PBXVariantGroup section */
		0AEF37C2292EE6100086514C /* Strings.strings */ = {
			isa = PBXVariantGroup;
			children = (
				0AEF37C1292EE6100086514C /* en */,
				0AEF37C3292EE6150086514C /* es */,
			);
			name = Strings.strings;
			sourceTree = "<group>";
		};
/* End PBXVariantGroup section */

/* Begin XCBuildConfiguration section */
		0A3B04A9291733AA0026D3DF /* Debug */ = {
			isa = XCBuildConfiguration;
			buildSettings = {
				ALWAYS_SEARCH_USER_PATHS = NO;
				CLANG_ANALYZER_LOCALIZABILITY_NONLOCALIZED = YES;
				CLANG_ANALYZER_NONNULL = YES;
				CLANG_ANALYZER_NUMBER_OBJECT_CONVERSION = YES_AGGRESSIVE;
				CLANG_CXX_LANGUAGE_STANDARD = "gnu++20";
				CLANG_ENABLE_MODULES = YES;
				CLANG_ENABLE_OBJC_ARC = YES;
				CLANG_ENABLE_OBJC_WEAK = YES;
				CLANG_WARN_BLOCK_CAPTURE_AUTORELEASING = YES;
				CLANG_WARN_BOOL_CONVERSION = YES;
				CLANG_WARN_COMMA = YES;
				CLANG_WARN_CONSTANT_CONVERSION = YES;
				CLANG_WARN_DEPRECATED_OBJC_IMPLEMENTATIONS = YES;
				CLANG_WARN_DIRECT_OBJC_ISA_USAGE = YES_ERROR;
				CLANG_WARN_DOCUMENTATION_COMMENTS = YES;
				CLANG_WARN_EMPTY_BODY = YES;
				CLANG_WARN_ENUM_CONVERSION = YES;
				CLANG_WARN_INFINITE_RECURSION = YES;
				CLANG_WARN_INT_CONVERSION = YES;
				CLANG_WARN_NON_LITERAL_NULL_CONVERSION = YES;
				CLANG_WARN_OBJC_IMPLICIT_RETAIN_SELF = YES;
				CLANG_WARN_OBJC_LITERAL_CONVERSION = YES;
				CLANG_WARN_OBJC_ROOT_CLASS = YES_ERROR;
				CLANG_WARN_QUOTED_INCLUDE_IN_FRAMEWORK_HEADER = YES;
				CLANG_WARN_RANGE_LOOP_ANALYSIS = YES;
				CLANG_WARN_STRICT_PROTOTYPES = YES;
				CLANG_WARN_SUSPICIOUS_MOVE = YES;
				CLANG_WARN_UNGUARDED_AVAILABILITY = YES_AGGRESSIVE;
				CLANG_WARN_UNREACHABLE_CODE = YES;
				CLANG_WARN__DUPLICATE_METHOD_MATCH = YES;
				COPY_PHASE_STRIP = NO;
				DEAD_CODE_STRIPPING = YES;
				DEBUG_INFORMATION_FORMAT = dwarf;
				ENABLE_STRICT_OBJC_MSGSEND = YES;
				ENABLE_TESTABILITY = YES;
				GCC_C_LANGUAGE_STANDARD = gnu11;
				GCC_DYNAMIC_NO_PIC = NO;
				GCC_NO_COMMON_BLOCKS = YES;
				GCC_OPTIMIZATION_LEVEL = 0;
				GCC_PREPROCESSOR_DEFINITIONS = (
					"DEBUG=1",
					"$(inherited)",
				);
				GCC_WARN_64_TO_32_BIT_CONVERSION = YES;
				GCC_WARN_ABOUT_RETURN_TYPE = YES_ERROR;
				GCC_WARN_UNDECLARED_SELECTOR = YES;
				GCC_WARN_UNINITIALIZED_AUTOS = YES_AGGRESSIVE;
				GCC_WARN_UNUSED_FUNCTION = YES;
				GCC_WARN_UNUSED_VARIABLE = YES;
				IPHONEOS_DEPLOYMENT_TARGET = 15.0;
				MTL_ENABLE_DEBUG_INFO = INCLUDE_SOURCE;
				MTL_FAST_MATH = YES;
				ONLY_ACTIVE_ARCH = YES;
				SWIFT_ACTIVE_COMPILATION_CONDITIONS = DEBUG;
				SWIFT_OPTIMIZATION_LEVEL = "-Onone";
			};
			name = Debug;
		};
		0A3B04AA291733AA0026D3DF /* Release */ = {
			isa = XCBuildConfiguration;
			buildSettings = {
				ALWAYS_SEARCH_USER_PATHS = NO;
				CLANG_ANALYZER_LOCALIZABILITY_NONLOCALIZED = YES;
				CLANG_ANALYZER_NONNULL = YES;
				CLANG_ANALYZER_NUMBER_OBJECT_CONVERSION = YES_AGGRESSIVE;
				CLANG_CXX_LANGUAGE_STANDARD = "gnu++20";
				CLANG_ENABLE_MODULES = YES;
				CLANG_ENABLE_OBJC_ARC = YES;
				CLANG_ENABLE_OBJC_WEAK = YES;
				CLANG_WARN_BLOCK_CAPTURE_AUTORELEASING = YES;
				CLANG_WARN_BOOL_CONVERSION = YES;
				CLANG_WARN_COMMA = YES;
				CLANG_WARN_CONSTANT_CONVERSION = YES;
				CLANG_WARN_DEPRECATED_OBJC_IMPLEMENTATIONS = YES;
				CLANG_WARN_DIRECT_OBJC_ISA_USAGE = YES_ERROR;
				CLANG_WARN_DOCUMENTATION_COMMENTS = YES;
				CLANG_WARN_EMPTY_BODY = YES;
				CLANG_WARN_ENUM_CONVERSION = YES;
				CLANG_WARN_INFINITE_RECURSION = YES;
				CLANG_WARN_INT_CONVERSION = YES;
				CLANG_WARN_NON_LITERAL_NULL_CONVERSION = YES;
				CLANG_WARN_OBJC_IMPLICIT_RETAIN_SELF = YES;
				CLANG_WARN_OBJC_LITERAL_CONVERSION = YES;
				CLANG_WARN_OBJC_ROOT_CLASS = YES_ERROR;
				CLANG_WARN_QUOTED_INCLUDE_IN_FRAMEWORK_HEADER = YES;
				CLANG_WARN_RANGE_LOOP_ANALYSIS = YES;
				CLANG_WARN_STRICT_PROTOTYPES = YES;
				CLANG_WARN_SUSPICIOUS_MOVE = YES;
				CLANG_WARN_UNGUARDED_AVAILABILITY = YES_AGGRESSIVE;
				CLANG_WARN_UNREACHABLE_CODE = YES;
				CLANG_WARN__DUPLICATE_METHOD_MATCH = YES;
				COPY_PHASE_STRIP = NO;
				DEAD_CODE_STRIPPING = YES;
				DEBUG_INFORMATION_FORMAT = "dwarf-with-dsym";
				ENABLE_NS_ASSERTIONS = NO;
				ENABLE_STRICT_OBJC_MSGSEND = YES;
				GCC_C_LANGUAGE_STANDARD = gnu11;
				GCC_NO_COMMON_BLOCKS = YES;
				GCC_WARN_64_TO_32_BIT_CONVERSION = YES;
				GCC_WARN_ABOUT_RETURN_TYPE = YES_ERROR;
				GCC_WARN_UNDECLARED_SELECTOR = YES;
				GCC_WARN_UNINITIALIZED_AUTOS = YES_AGGRESSIVE;
				GCC_WARN_UNUSED_FUNCTION = YES;
				GCC_WARN_UNUSED_VARIABLE = YES;
				IPHONEOS_DEPLOYMENT_TARGET = 15.0;
				MTL_ENABLE_DEBUG_INFO = NO;
				MTL_FAST_MATH = YES;
				SWIFT_COMPILATION_MODE = wholemodule;
				SWIFT_OPTIMIZATION_LEVEL = "-O";
			};
			name = Release;
		};
		0A3B04AC291733AA0026D3DF /* Debug */ = {
			isa = XCBuildConfiguration;
			buildSettings = {
				ALWAYS_EMBED_SWIFT_STANDARD_LIBRARIES = YES;
				ASSETCATALOG_COMPILER_APPICON_NAME = AppIcon;
				ASSETCATALOG_COMPILER_GLOBAL_ACCENT_COLOR_NAME = AccentColor;
				CODE_SIGN_ENTITLEMENTS = "Aire Libre/AireLibre.entitlements";
				CODE_SIGN_IDENTITY = "-";
				"CODE_SIGN_IDENTITY[sdk=iphoneos*]" = "Apple Development";
				CODE_SIGN_STYLE = Automatic;
				CURRENT_PROJECT_VERSION = 1;
				DEAD_CODE_STRIPPING = YES;
				DEVELOPMENT_ASSET_PATHS = "../../rappi/ios-rappi-main/apps/Grability/Grability/Images.xcassets Preview\\ Content/Preview\\ Assets.xcassets";
				DEVELOPMENT_TEAM = 69SFKN563E;
				ENABLE_PREVIEWS = YES;
				GENERATE_INFOPLIST_FILE = YES;
				INFOPLIST_FILE = "Aire-Libre-Info.plist";
				INFOPLIST_KEY_NSLocationWhenInUseUsageDescription = blabla;
				"INFOPLIST_KEY_UIApplicationSceneManifest_Generation[sdk=iphoneos*]" = YES;
				"INFOPLIST_KEY_UIApplicationSceneManifest_Generation[sdk=iphonesimulator*]" = YES;
				"INFOPLIST_KEY_UIApplicationSupportsIndirectInputEvents[sdk=iphoneos*]" = YES;
				"INFOPLIST_KEY_UIApplicationSupportsIndirectInputEvents[sdk=iphonesimulator*]" = YES;
				"INFOPLIST_KEY_UILaunchScreen_Generation[sdk=iphoneos*]" = YES;
				"INFOPLIST_KEY_UILaunchScreen_Generation[sdk=iphonesimulator*]" = YES;
				"INFOPLIST_KEY_UIStatusBarStyle[sdk=iphoneos*]" = UIStatusBarStyleDefault;
				"INFOPLIST_KEY_UIStatusBarStyle[sdk=iphonesimulator*]" = UIStatusBarStyleDefault;
				INFOPLIST_KEY_UISupportedInterfaceOrientations_iPad = "UIInterfaceOrientationPortrait UIInterfaceOrientationPortraitUpsideDown UIInterfaceOrientationLandscapeLeft UIInterfaceOrientationLandscapeRight";
				INFOPLIST_KEY_UISupportedInterfaceOrientations_iPhone = "UIInterfaceOrientationPortrait UIInterfaceOrientationLandscapeLeft UIInterfaceOrientationLandscapeRight";
				IPHONEOS_DEPLOYMENT_TARGET = 16.0;
				LD_RUNPATH_SEARCH_PATHS = "@executable_path/Frameworks";
				"LD_RUNPATH_SEARCH_PATHS[sdk=macosx*]" = "@executable_path/../Frameworks";
				MACOSX_DEPLOYMENT_TARGET = 13.0;
				MARKETING_VERSION = 1.0;
				PRODUCT_BUNDLE_IDENTIFIER = re.airelib.ios;
				PRODUCT_NAME = "$(TARGET_NAME)";
				SDKROOT = auto;
				SUPPORTED_PLATFORMS = "iphoneos iphonesimulator macosx";
				SUPPORTS_MACCATALYST = NO;
				SUPPORTS_MAC_DESIGNED_FOR_IPHONE_IPAD = NO;
				SWIFT_EMIT_LOC_STRINGS = YES;
				SWIFT_VERSION = 5.0;
				TARGETED_DEVICE_FAMILY = "1,2";
			};
			name = Debug;
		};
		0A3B04AD291733AA0026D3DF /* Release */ = {
			isa = XCBuildConfiguration;
			buildSettings = {
				ALWAYS_EMBED_SWIFT_STANDARD_LIBRARIES = YES;
				ASSETCATALOG_COMPILER_APPICON_NAME = AppIcon;
				ASSETCATALOG_COMPILER_GLOBAL_ACCENT_COLOR_NAME = AccentColor;
				CODE_SIGN_ENTITLEMENTS = "Aire Libre/AireLibre.entitlements";
				CODE_SIGN_IDENTITY = "-";
				"CODE_SIGN_IDENTITY[sdk=iphoneos*]" = "Apple Development";
				CODE_SIGN_STYLE = Automatic;
				CURRENT_PROJECT_VERSION = 1;
				DEAD_CODE_STRIPPING = YES;
				DEVELOPMENT_ASSET_PATHS = "../../rappi/ios-rappi-main/apps/Grability/Grability/Images.xcassets Preview\\ Content/Preview\\ Assets.xcassets";
				DEVELOPMENT_TEAM = 69SFKN563E;
				ENABLE_PREVIEWS = YES;
				GENERATE_INFOPLIST_FILE = YES;
				INFOPLIST_FILE = "Aire-Libre-Info.plist";
				INFOPLIST_KEY_NSLocationWhenInUseUsageDescription = blabla;
				"INFOPLIST_KEY_UIApplicationSceneManifest_Generation[sdk=iphoneos*]" = YES;
				"INFOPLIST_KEY_UIApplicationSceneManifest_Generation[sdk=iphonesimulator*]" = YES;
				"INFOPLIST_KEY_UIApplicationSupportsIndirectInputEvents[sdk=iphoneos*]" = YES;
				"INFOPLIST_KEY_UIApplicationSupportsIndirectInputEvents[sdk=iphonesimulator*]" = YES;
				"INFOPLIST_KEY_UILaunchScreen_Generation[sdk=iphoneos*]" = YES;
				"INFOPLIST_KEY_UILaunchScreen_Generation[sdk=iphonesimulator*]" = YES;
				"INFOPLIST_KEY_UIStatusBarStyle[sdk=iphoneos*]" = UIStatusBarStyleDefault;
				"INFOPLIST_KEY_UIStatusBarStyle[sdk=iphonesimulator*]" = UIStatusBarStyleDefault;
				INFOPLIST_KEY_UISupportedInterfaceOrientations_iPad = "UIInterfaceOrientationPortrait UIInterfaceOrientationPortraitUpsideDown UIInterfaceOrientationLandscapeLeft UIInterfaceOrientationLandscapeRight";
				INFOPLIST_KEY_UISupportedInterfaceOrientations_iPhone = "UIInterfaceOrientationPortrait UIInterfaceOrientationLandscapeLeft UIInterfaceOrientationLandscapeRight";
				IPHONEOS_DEPLOYMENT_TARGET = 16.0;
				LD_RUNPATH_SEARCH_PATHS = "@executable_path/Frameworks";
				"LD_RUNPATH_SEARCH_PATHS[sdk=macosx*]" = "@executable_path/../Frameworks";
				MACOSX_DEPLOYMENT_TARGET = 13.0;
				MARKETING_VERSION = 1.0;
				PRODUCT_BUNDLE_IDENTIFIER = re.airelib.ios;
				PRODUCT_NAME = "$(TARGET_NAME)";
				SDKROOT = auto;
				SUPPORTED_PLATFORMS = "iphoneos iphonesimulator macosx";
				SUPPORTS_MACCATALYST = NO;
				SUPPORTS_MAC_DESIGNED_FOR_IPHONE_IPAD = NO;
				SWIFT_EMIT_LOC_STRINGS = YES;
				SWIFT_VERSION = 5.0;
				TARGETED_DEVICE_FAMILY = "1,2";
			};
			name = Release;
		};
		0A3B04AF291733AA0026D3DF /* Debug */ = {
			isa = XCBuildConfiguration;
			buildSettings = {
				ALWAYS_EMBED_SWIFT_STANDARD_LIBRARIES = YES;
				BUNDLE_LOADER = "$(TEST_HOST)";
				CODE_SIGN_STYLE = Automatic;
				CURRENT_PROJECT_VERSION = 1;
				DEAD_CODE_STRIPPING = YES;
				GENERATE_INFOPLIST_FILE = YES;
				IPHONEOS_DEPLOYMENT_TARGET = 15.0;
				MACOSX_DEPLOYMENT_TARGET = 12.3;
				MARKETING_VERSION = 1.0;
				PRODUCT_BUNDLE_IDENTIFIER = re.airelib.ios.tests;
				PRODUCT_NAME = "$(TARGET_NAME)";
				SDKROOT = auto;
				SUPPORTED_PLATFORMS = "iphoneos iphonesimulator macosx";
				SWIFT_EMIT_LOC_STRINGS = NO;
				SWIFT_VERSION = 5.0;
				TARGETED_DEVICE_FAMILY = "1,2";
				TEST_HOST = "$(BUILT_PRODUCTS_DIR)/Aire Libre.app/$(BUNDLE_EXECUTABLE_FOLDER_PATH)/Aire Libre";
			};
			name = Debug;
		};
		0A3B04B0291733AA0026D3DF /* Release */ = {
			isa = XCBuildConfiguration;
			buildSettings = {
				ALWAYS_EMBED_SWIFT_STANDARD_LIBRARIES = YES;
				BUNDLE_LOADER = "$(TEST_HOST)";
				CODE_SIGN_STYLE = Automatic;
				CURRENT_PROJECT_VERSION = 1;
				DEAD_CODE_STRIPPING = YES;
				GENERATE_INFOPLIST_FILE = YES;
				IPHONEOS_DEPLOYMENT_TARGET = 15.0;
				MACOSX_DEPLOYMENT_TARGET = 12.3;
				MARKETING_VERSION = 1.0;
				PRODUCT_BUNDLE_IDENTIFIER = re.airelib.ios.tests;
				PRODUCT_NAME = "$(TARGET_NAME)";
				SDKROOT = auto;
				SUPPORTED_PLATFORMS = "iphoneos iphonesimulator macosx";
				SWIFT_EMIT_LOC_STRINGS = NO;
				SWIFT_VERSION = 5.0;
				TARGETED_DEVICE_FAMILY = "1,2";
				TEST_HOST = "$(BUILT_PRODUCTS_DIR)/Aire Libre.app/$(BUNDLE_EXECUTABLE_FOLDER_PATH)/Aire Libre";
			};
			name = Release;
		};
		0A3B04B2291733AA0026D3DF /* Debug */ = {
			isa = XCBuildConfiguration;
			buildSettings = {
				ALWAYS_EMBED_SWIFT_STANDARD_LIBRARIES = YES;
				CODE_SIGN_STYLE = Automatic;
				CURRENT_PROJECT_VERSION = 1;
				DEAD_CODE_STRIPPING = YES;
				GENERATE_INFOPLIST_FILE = YES;
				IPHONEOS_DEPLOYMENT_TARGET = 15.0;
				MACOSX_DEPLOYMENT_TARGET = 12.3;
				MARKETING_VERSION = 1.0;
				PRODUCT_BUNDLE_IDENTIFIER = re.airelib.ios.uitests;
				PRODUCT_NAME = "$(TARGET_NAME)";
				SDKROOT = auto;
				SUPPORTED_PLATFORMS = "iphoneos iphonesimulator macosx";
				SWIFT_EMIT_LOC_STRINGS = NO;
				SWIFT_VERSION = 5.0;
				TARGETED_DEVICE_FAMILY = "1,2";
				TEST_TARGET_NAME = "Aire Libre";
			};
			name = Debug;
		};
		0A3B04B3291733AA0026D3DF /* Release */ = {
			isa = XCBuildConfiguration;
			buildSettings = {
				ALWAYS_EMBED_SWIFT_STANDARD_LIBRARIES = YES;
				CODE_SIGN_STYLE = Automatic;
				CURRENT_PROJECT_VERSION = 1;
				DEAD_CODE_STRIPPING = YES;
				GENERATE_INFOPLIST_FILE = YES;
				IPHONEOS_DEPLOYMENT_TARGET = 15.0;
				MACOSX_DEPLOYMENT_TARGET = 12.3;
				MARKETING_VERSION = 1.0;
				PRODUCT_BUNDLE_IDENTIFIER = re.airelib.ios.uitests;
				PRODUCT_NAME = "$(TARGET_NAME)";
				SDKROOT = auto;
				SUPPORTED_PLATFORMS = "iphoneos iphonesimulator macosx";
				SWIFT_EMIT_LOC_STRINGS = NO;
				SWIFT_VERSION = 5.0;
				TARGETED_DEVICE_FAMILY = "1,2";
				TEST_TARGET_NAME = "Aire Libre";
			};
			name = Release;
		};
		0AC2E46A2A033FED002D2446 /* Debug */ = {
			isa = XCBuildConfiguration;
			buildSettings = {
				ASSETCATALOG_COMPILER_GLOBAL_ACCENT_COLOR_NAME = AccentColor;
				ASSETCATALOG_COMPILER_WIDGET_BACKGROUND_COLOR_NAME = WidgetBackground;
				CODE_SIGN_IDENTITY = "-";
				"CODE_SIGN_IDENTITY[sdk=iphoneos*]" = "Apple Development";
				CODE_SIGN_STYLE = Automatic;
				CURRENT_PROJECT_VERSION = 1;
				DEVELOPMENT_TEAM = 69SFKN563E;
				GENERATE_INFOPLIST_FILE = YES;
				INFOPLIST_FILE = "Aire Libre Widget/Info.plist";
				INFOPLIST_KEY_CFBundleDisplayName = "Aire Libre Widget";
				INFOPLIST_KEY_NSHumanReadableCopyright = "";
				IPHONEOS_DEPLOYMENT_TARGET = 16.4;
				LD_RUNPATH_SEARCH_PATHS = (
					"$(inherited)",
					"@executable_path/Frameworks",
					"@executable_path/../../Frameworks",
				);
				MARKETING_VERSION = 1.0;
				PRODUCT_BUNDLE_IDENTIFIER = "re.airelib.ios.Aire-Libre-Widget";
				PRODUCT_NAME = "$(TARGET_NAME)";
				SDKROOT = iphoneos;
				SKIP_INSTALL = YES;
				SWIFT_EMIT_LOC_STRINGS = YES;
				SWIFT_VERSION = 5.0;
				TARGETED_DEVICE_FAMILY = "1,2";
			};
			name = Debug;
		};
		0AC2E46B2A033FED002D2446 /* Release */ = {
			isa = XCBuildConfiguration;
			buildSettings = {
				ASSETCATALOG_COMPILER_GLOBAL_ACCENT_COLOR_NAME = AccentColor;
				ASSETCATALOG_COMPILER_WIDGET_BACKGROUND_COLOR_NAME = WidgetBackground;
				CODE_SIGN_IDENTITY = "-";
				"CODE_SIGN_IDENTITY[sdk=iphoneos*]" = "Apple Development";
				CODE_SIGN_STYLE = Automatic;
				CURRENT_PROJECT_VERSION = 1;
				DEVELOPMENT_TEAM = 69SFKN563E;
				GENERATE_INFOPLIST_FILE = YES;
				INFOPLIST_FILE = "Aire Libre Widget/Info.plist";
				INFOPLIST_KEY_CFBundleDisplayName = "Aire Libre Widget";
				INFOPLIST_KEY_NSHumanReadableCopyright = "";
				IPHONEOS_DEPLOYMENT_TARGET = 16.4;
				LD_RUNPATH_SEARCH_PATHS = (
					"$(inherited)",
					"@executable_path/Frameworks",
					"@executable_path/../../Frameworks",
				);
				MARKETING_VERSION = 1.0;
				PRODUCT_BUNDLE_IDENTIFIER = "re.airelib.ios.Aire-Libre-Widget";
				PRODUCT_NAME = "$(TARGET_NAME)";
				SDKROOT = iphoneos;
				SKIP_INSTALL = YES;
				SWIFT_EMIT_LOC_STRINGS = YES;
				SWIFT_VERSION = 5.0;
				TARGETED_DEVICE_FAMILY = "1,2";
				VALIDATE_PRODUCT = YES;
			};
			name = Release;
		};
/* End XCBuildConfiguration section */

/* Begin XCConfigurationList section */
		0A3B0481291733A90026D3DF /* Build configuration list for PBXProject "Aire Libre" */ = {
			isa = XCConfigurationList;
			buildConfigurations = (
				0A3B04A9291733AA0026D3DF /* Debug */,
				0A3B04AA291733AA0026D3DF /* Release */,
			);
			defaultConfigurationIsVisible = 0;
			defaultConfigurationName = Release;
		};
		0A3B04AB291733AA0026D3DF /* Build configuration list for PBXNativeTarget "Aire Libre" */ = {
			isa = XCConfigurationList;
			buildConfigurations = (
				0A3B04AC291733AA0026D3DF /* Debug */,
				0A3B04AD291733AA0026D3DF /* Release */,
			);
			defaultConfigurationIsVisible = 0;
			defaultConfigurationName = Release;
		};
		0A3B04AE291733AA0026D3DF /* Build configuration list for PBXNativeTarget "Aire LibreTests" */ = {
			isa = XCConfigurationList;
			buildConfigurations = (
				0A3B04AF291733AA0026D3DF /* Debug */,
				0A3B04B0291733AA0026D3DF /* Release */,
			);
			defaultConfigurationIsVisible = 0;
			defaultConfigurationName = Release;
		};
		0A3B04B1291733AA0026D3DF /* Build configuration list for PBXNativeTarget "Aire LibreUITests" */ = {
			isa = XCConfigurationList;
			buildConfigurations = (
				0A3B04B2291733AA0026D3DF /* Debug */,
				0A3B04B3291733AA0026D3DF /* Release */,
			);
			defaultConfigurationIsVisible = 0;
			defaultConfigurationName = Release;
		};
		0AC2E4692A033FED002D2446 /* Build configuration list for PBXNativeTarget "Aire Libre WidgetExtension" */ = {
			isa = XCConfigurationList;
			buildConfigurations = (
				0AC2E46A2A033FED002D2446 /* Debug */,
				0AC2E46B2A033FED002D2446 /* Release */,
			);
			defaultConfigurationIsVisible = 0;
			defaultConfigurationName = Release;
		};
/* End XCConfigurationList section */

/* Begin XCVersionGroup section */
		0AFA4EAD29E376D400C6CEE9 /* Entities.xcdatamodeld */ = {
			isa = XCVersionGroup;
			children = (
				0AFA4EAE29E376D400C6CEE9 /* Entities.xcdatamodel */,
			);
			currentVersion = 0AFA4EAE29E376D400C6CEE9 /* Entities.xcdatamodel */;
			path = Entities.xcdatamodeld;
			sourceTree = "<group>";
			versionGroupType = wrapper.xcdatamodel;
		};
/* End XCVersionGroup section */
	};
	rootObject = 0A3B047E291733A90026D3DF /* Project object */;
}
